// !$*UTF8*$!
{
	archiveVersion = 1;
	classes = {
	};
	objectVersion = 56;
	objects = {

/* Begin PBXBuildFile section */
		3802C3792B87BCFF00B7A971 /* Networking101App.swift in Sources */ = {isa = PBXBuildFile; fileRef = 3802C3782B87BCFF00B7A971 /* Networking101App.swift */; };
		3802C37B2B87BCFF00B7A971 /* ContentView.swift in Sources */ = {isa = PBXBuildFile; fileRef = 3802C37A2B87BCFF00B7A971 /* ContentView.swift */; };
		3802C37D2B87BD0200B7A971 /* Assets.xcassets in Resources */ = {isa = PBXBuildFile; fileRef = 3802C37C2B87BD0200B7A971 /* Assets.xcassets */; };
		3802C3802B87BD0200B7A971 /* Preview Assets.xcassets in Resources */ = {isa = PBXBuildFile; fileRef = 3802C37F2B87BD0200B7A971 /* Preview Assets.xcassets */; };
		3802C38D2B87C5AC00B7A971 /* CoinsViewModel.swift in Sources */ = {isa = PBXBuildFile; fileRef = 3802C38C2B87C5AC00B7A971 /* CoinsViewModel.swift */; };
		3802C3902B8B786800B7A971 /* CoinDataService.swift in Sources */ = {isa = PBXBuildFile; fileRef = 3802C38F2B8B786800B7A971 /* CoinDataService.swift */; };
		3802C3922B8D141E00B7A971 /* Coin.swift in Sources */ = {isa = PBXBuildFile; fileRef = 3802C3912B8D141E00B7A971 /* Coin.swift */; };
/* End PBXBuildFile section */

/* Begin PBXFileReference section */
		3802C3752B87BCFF00B7A971 /* Networking101.app */ = {isa = PBXFileReference; explicitFileType = wrapper.application; includeInIndex = 0; path = Networking101.app; sourceTree = BUILT_PRODUCTS_DIR; };
		3802C3782B87BCFF00B7A971 /* Networking101App.swift */ = {isa = PBXFileReference; lastKnownFileType = sourcecode.swift; path = Networking101App.swift; sourceTree = "<group>"; };
		3802C37A2B87BCFF00B7A971 /* ContentView.swift */ = {isa = PBXFileReference; lastKnownFileType = sourcecode.swift; path = ContentView.swift; sourceTree = "<group>"; };
		3802C37C2B87BD0200B7A971 /* Assets.xcassets */ = {isa = PBXFileReference; lastKnownFileType = folder.assetcatalog; path = Assets.xcassets; sourceTree = "<group>"; };
		3802C37F2B87BD0200B7A971 /* Preview Assets.xcassets */ = {isa = PBXFileReference; lastKnownFileType = folder.assetcatalog; path = "Preview Assets.xcassets"; sourceTree = "<group>"; };
		3802C38C2B87C5AC00B7A971 /* CoinsViewModel.swift */ = {isa = PBXFileReference; lastKnownFileType = sourcecode.swift; path = CoinsViewModel.swift; sourceTree = "<group>"; };
		3802C38F2B8B786800B7A971 /* CoinDataService.swift */ = {isa = PBXFileReference; lastKnownFileType = sourcecode.swift; path = CoinDataService.swift; sourceTree = "<group>"; };
		3802C3912B8D141E00B7A971 /* Coin.swift */ = {isa = PBXFileReference; lastKnownFileType = sourcecode.swift; path = Coin.swift; sourceTree = "<group>"; };
/* End PBXFileReference section */

/* Begin PBXFrameworksBuildPhase section */
		3802C3722B87BCFF00B7A971 /* Frameworks */ = {
			isa = PBXFrameworksBuildPhase;
			buildActionMask = 2147483647;
			files = (
			);
			runOnlyForDeploymentPostprocessing = 0;
		};
/* End PBXFrameworksBuildPhase section */

/* Begin PBXGroup section */
		3802C36C2B87BCFF00B7A971 = {
			isa = PBXGroup;
			children = (
				3802C3862B87C24300B7A971 /* App */,
				3802C3872B87C26000B7A971 /* Core */,
				3802C3772B87BCFF00B7A971 /* Networking101 */,
				3802C3762B87BCFF00B7A971 /* Products */,
			);
			sourceTree = "<group>";
		};
		3802C3762B87BCFF00B7A971 /* Products */ = {
			isa = PBXGroup;
			children = (
				3802C3752B87BCFF00B7A971 /* Networking101.app */,
			);
			name = Products;
			sourceTree = "<group>";
		};
		3802C3772B87BCFF00B7A971 /* Networking101 */ = {
			isa = PBXGroup;
			children = (
				3802C37C2B87BD0200B7A971 /* Assets.xcassets */,
				3802C37E2B87BD0200B7A971 /* Preview Content */,
			);
			path = Networking101;
			sourceTree = "<group>";
		};
		3802C37E2B87BD0200B7A971 /* Preview Content */ = {
			isa = PBXGroup;
			children = (
				3802C37F2B87BD0200B7A971 /* Preview Assets.xcassets */,
			);
			path = "Preview Content";
			sourceTree = "<group>";
		};
		3802C3862B87C24300B7A971 /* App */ = {
			isa = PBXGroup;
			children = (
				3802C3782B87BCFF00B7A971 /* Networking101App.swift */,
			);
			path = App;
			sourceTree = "<group>";
		};
		3802C3872B87C26000B7A971 /* Core */ = {
			isa = PBXGroup;
			children = (
				3802C3882B87C27000B7A971 /* AllCoins */,
			);
			path = Core;
			sourceTree = "<group>";
		};
		3802C3882B87C27000B7A971 /* AllCoins */ = {
			isa = PBXGroup;
			children = (
				3802C38E2B8B785300B7A971 /* Service */,
				3802C38B2B87C2AD00B7A971 /* Model */,
				3802C38A2B87C2AA00B7A971 /* View */,
				3802C3892B87C2A600B7A971 /* ViewModel */,
			);
			path = AllCoins;
			sourceTree = "<group>";
		};
		3802C3892B87C2A600B7A971 /* ViewModel */ = {
			isa = PBXGroup;
			children = (
				3802C38C2B87C5AC00B7A971 /* CoinsViewModel.swift */,
			);
			path = ViewModel;
			sourceTree = "<group>";
		};
		3802C38A2B87C2AA00B7A971 /* View */ = {
			isa = PBXGroup;
			children = (
				3802C37A2B87BCFF00B7A971 /* ContentView.swift */,
			);
			path = View;
			sourceTree = "<group>";
		};
		3802C38B2B87C2AD00B7A971 /* Model */ = {
			isa = PBXGroup;
			children = (
				3802C3912B8D141E00B7A971 /* Coin.swift */,
			);
			path = Model;
			sourceTree = "<group>";
		};
		3802C38E2B8B785300B7A971 /* Service */ = {
			isa = PBXGroup;
			children = (
				3802C38F2B8B786800B7A971 /* CoinDataService.swift */,
			);
			path = Service;
			sourceTree = "<group>";
		};
/* End PBXGroup section */

/* Begin PBXNativeTarget section */
		3802C3742B87BCFF00B7A971 /* Networking101 */ = {
			isa = PBXNativeTarget;
			buildConfigurationList = 3802C3832B87BD0200B7A971 /* Build configuration list for PBXNativeTarget "Networking101" */;
			buildPhases = (
				3802C3712B87BCFF00B7A971 /* Sources */,
				3802C3722B87BCFF00B7A971 /* Frameworks */,
				3802C3732B87BCFF00B7A971 /* Resources */,
			);
			buildRules = (
			);
			dependencies = (
			);
			name = Networking101;
			productName = Networking101;
			productReference = 3802C3752B87BCFF00B7A971 /* Networking101.app */;
			productType = "com.apple.product-type.application";
		};
/* End PBXNativeTarget section */

/* Begin PBXProject section */
		3802C36D2B87BCFF00B7A971 /* Project object */ = {
			isa = PBXProject;
			attributes = {
				BuildIndependentTargetsInParallel = 1;
				LastSwiftUpdateCheck = 1520;
				LastUpgradeCheck = 1520;
				TargetAttributes = {
					3802C3742B87BCFF00B7A971 = {
						CreatedOnToolsVersion = 15.2;
					};
				};
			};
			buildConfigurationList = 3802C3702B87BCFF00B7A971 /* Build configuration list for PBXProject "Networking101" */;
			compatibilityVersion = "Xcode 14.0";
			developmentRegion = en;
			hasScannedForEncodings = 0;
			knownRegions = (
				en,
				Base,
			);
			mainGroup = 3802C36C2B87BCFF00B7A971;
			productRefGroup = 3802C3762B87BCFF00B7A971 /* Products */;
			projectDirPath = "";
			projectRoot = "";
			targets = (
				3802C3742B87BCFF00B7A971 /* Networking101 */,
			);
		};
/* End PBXProject section */

/* Begin PBXResourcesBuildPhase section */
		3802C3732B87BCFF00B7A971 /* Resources */ = {
			isa = PBXResourcesBuildPhase;
			buildActionMask = 2147483647;
			files = (
				3802C3802B87BD0200B7A971 /* Preview Assets.xcassets in Resources */,
				3802C37D2B87BD0200B7A971 /* Assets.xcassets in Resources */,
			);
			runOnlyForDeploymentPostprocessing = 0;
		};
/* End PBXResourcesBuildPhase section */

/* Begin PBXSourcesBuildPhase section */
		3802C3712B87BCFF00B7A971 /* Sources */ = {
			isa = PBXSourcesBuildPhase;
			buildActionMask = 2147483647;
			files = (
				3802C3902B8B786800B7A971 /* CoinDataService.swift in Sources */,
				3802C37B2B87BCFF00B7A971 /* ContentView.swift in Sources */,
				3802C38D2B87C5AC00B7A971 /* CoinsViewModel.swift in Sources */,
				3802C3922B8D141E00B7A971 /* Coin.swift in Sources */,
				3802C3792B87BCFF00B7A971 /* Networking101App.swift in Sources */,
			);
			runOnlyForDeploymentPostprocessing = 0;
		};
/* End PBXSourcesBuildPhase section */

/* Begin XCBuildConfiguration section */
		3802C3812B87BD0200B7A971 /* Debug */ = {
			isa = XCBuildConfiguration;
			buildSettings = {
				ALWAYS_SEARCH_USER_PATHS = NO;
				ASSETCATALOG_COMPILER_GENERATE_SWIFT_ASSET_SYMBOL_EXTENSIONS = YES;
				CLANG_ANALYZER_NONNULL = YES;
				CLANG_ANALYZER_NUMBER_OBJECT_CONVERSION = YES_AGGRESSIVE;
				CLANG_CXX_LANGUAGE_STANDARD = "gnu++20";
				CLANG_ENABLE_MODULES = YES;
				CLANG_ENABLE_OBJC_ARC = YES;
				CLANG_ENABLE_OBJC_WEAK = YES;
				CLANG_WARN_BLOCK_CAPTURE_AUTORELEASING = YES;
				CLANG_WARN_BOOL_CONVERSION = YES;
				CLANG_WARN_COMMA = YES;
				CLANG_WARN_CONSTANT_CONVERSION = YES;
				CLANG_WARN_DEPRECATED_OBJC_IMPLEMENTATIONS = YES;
				CLANG_WARN_DIRECT_OBJC_ISA_USAGE = YES_ERROR;
				CLANG_WARN_DOCUMENTATION_COMMENTS = YES;
				CLANG_WARN_EMPTY_BODY = YES;
				CLANG_WARN_ENUM_CONVERSION = YES;
				CLANG_WARN_INFINITE_RECURSION = YES;
				CLANG_WARN_INT_CONVERSION = YES;
				CLANG_WARN_NON_LITERAL_NULL_CONVERSION = YES;
				CLANG_WARN_OBJC_IMPLICIT_RETAIN_SELF = YES;
				CLANG_WARN_OBJC_LITERAL_CONVERSION = YES;
				CLANG_WARN_OBJC_ROOT_CLASS = YES_ERROR;
				CLANG_WARN_QUOTED_INCLUDE_IN_FRAMEWORK_HEADER = YES;
				CLANG_WARN_RANGE_LOOP_ANALYSIS = YES;
				CLANG_WARN_STRICT_PROTOTYPES = YES;
				CLANG_WARN_SUSPICIOUS_MOVE = YES;
				CLANG_WARN_UNGUARDED_AVAILABILITY = YES_AGGRESSIVE;
				CLANG_WARN_UNREACHABLE_CODE = YES;
				CLANG_WARN__DUPLICATE_METHOD_MATCH = YES;
				COPY_PHASE_STRIP = NO;
				DEBUG_INFORMATION_FORMAT = dwarf;
				ENABLE_STRICT_OBJC_MSGSEND = YES;
				ENABLE_TESTABILITY = YES;
				ENABLE_USER_SCRIPT_SANDBOXING = YES;
				GCC_C_LANGUAGE_STANDARD = gnu17;
				GCC_DYNAMIC_NO_PIC = NO;
				GCC_NO_COMMON_BLOCKS = YES;
				GCC_OPTIMIZATION_LEVEL = 0;
				GCC_PREPROCESSOR_DEFINITIONS = (
					"DEBUG=1",
					"$(inherited)",
				);
				GCC_WARN_64_TO_32_BIT_CONVERSION = YES;
				GCC_WARN_ABOUT_RETURN_TYPE = YES_ERROR;
				GCC_WARN_UNDECLARED_SELECTOR = YES;
				GCC_WARN_UNINITIALIZED_AUTOS = YES_AGGRESSIVE;
				GCC_WARN_UNUSED_FUNCTION = YES;
				GCC_WARN_UNUSED_VARIABLE = YES;
				IPHONEOS_DEPLOYMENT_TARGET = 17.2;
				LOCALIZATION_PREFERS_STRING_CATALOGS = YES;
				MTL_ENABLE_DEBUG_INFO = INCLUDE_SOURCE;
				MTL_FAST_MATH = YES;
				ONLY_ACTIVE_ARCH = YES;
				SDKROOT = iphoneos;
				SWIFT_ACTIVE_COMPILATION_CONDITIONS = "DEBUG $(inherited)";
				SWIFT_OPTIMIZATION_LEVEL = "-Onone";
			};
			name = Debug;
		};
		3802C3822B87BD0200B7A971 /* Release */ = {
			isa = XCBuildConfiguration;
			buildSettings = {
				ALWAYS_SEARCH_USER_PATHS = NO;
				ASSETCATALOG_COMPILER_GENERATE_SWIFT_ASSET_SYMBOL_EXTENSIONS = YES;
				CLANG_ANALYZER_NONNULL = YES;
				CLANG_ANALYZER_NUMBER_OBJECT_CONVERSION = YES_AGGRESSIVE;
				CLANG_CXX_LANGUAGE_STANDARD = "gnu++20";
				CLANG_ENABLE_MODULES = YES;
				CLANG_ENABLE_OBJC_ARC = YES;
				CLANG_ENABLE_OBJC_WEAK = YES;
				CLANG_WARN_BLOCK_CAPTURE_AUTORELEASING = YES;
				CLANG_WARN_BOOL_CONVERSION = YES;
				CLANG_WARN_COMMA = YES;
				CLANG_WARN_CONSTANT_CONVERSION = YES;
				CLANG_WARN_DEPRECATED_OBJC_IMPLEMENTATIONS = YES;
				CLANG_WARN_DIRECT_OBJC_ISA_USAGE = YES_ERROR;
				CLANG_WARN_DOCUMENTATION_COMMENTS = YES;
				CLANG_WARN_EMPTY_BODY = YES;
				CLANG_WARN_ENUM_CONVERSION = YES;
				CLANG_WARN_INFINITE_RECURSION = YES;
				CLANG_WARN_INT_CONVERSION = YES;
				CLANG_WARN_NON_LITERAL_NULL_CONVERSION = YES;
				CLANG_WARN_OBJC_IMPLICIT_RETAIN_SELF = YES;
				CLANG_WARN_OBJC_LITERAL_CONVERSION = YES;
				CLANG_WARN_OBJC_ROOT_CLASS = YES_ERROR;
				CLANG_WARN_QUOTED_INCLUDE_IN_FRAMEWORK_HEADER = YES;
				CLANG_WARN_RANGE_LOOP_ANALYSIS = YES;
				CLANG_WARN_STRICT_PROTOTYPES = YES;
				CLANG_WARN_SUSPICIOUS_MOVE = YES;
				CLANG_WARN_UNGUARDED_AVAILABILITY = YES_AGGRESSIVE;
				CLANG_WARN_UNREACHABLE_CODE = YES;
				CLANG_WARN__DUPLICATE_METHOD_MATCH = YES;
				COPY_PHASE_STRIP = NO;
				DEBUG_INFORMATION_FORMAT = "dwarf-with-dsym";
				ENABLE_NS_ASSERTIONS = NO;
				ENABLE_STRICT_OBJC_MSGSEND = YES;
				ENABLE_USER_SCRIPT_SANDBOXING = YES;
				GCC_C_LANGUAGE_STANDARD = gnu17;
				GCC_NO_COMMON_BLOCKS = YES;
				GCC_WARN_64_TO_32_BIT_CONVERSION = YES;
				GCC_WARN_ABOUT_RETURN_TYPE = YES_ERROR;
				GCC_WARN_UNDECLARED_SELECTOR = YES;
				GCC_WARN_UNINITIALIZED_AUTOS = YES_AGGRESSIVE;
				GCC_WARN_UNUSED_FUNCTION = YES;
				GCC_WARN_UNUSED_VARIABLE = YES;
				IPHONEOS_DEPLOYMENT_TARGET = 17.2;
				LOCALIZATION_PREFERS_STRING_CATALOGS = YES;
				MTL_ENABLE_DEBUG_INFO = NO;
				MTL_FAST_MATH = YES;
				SDKROOT = iphoneos;
				SWIFT_COMPILATION_MODE = wholemodule;
				VALIDATE_PRODUCT = YES;
			};
			name = Release;
		};
		3802C3842B87BD0200B7A971 /* Debug */ = {
			isa = XCBuildConfiguration;
			buildSettings = {
				ASSETCATALOG_COMPILER_APPICON_NAME = AppIcon;
				ASSETCATALOG_COMPILER_GLOBAL_ACCENT_COLOR_NAME = AccentColor;
				CODE_SIGN_STYLE = Automatic;
				CURRENT_PROJECT_VERSION = 1;
				DEVELOPMENT_ASSET_PATHS = "\"Networking101/Preview Content\"";
				DEVELOPMENT_TEAM = 3KLZFAARL4;
				ENABLE_PREVIEWS = YES;
				GENERATE_INFOPLIST_FILE = YES;
				INFOPLIST_KEY_UIApplicationSceneManifest_Generation = YES;
				INFOPLIST_KEY_UIApplicationSupportsIndirectInputEvents = YES;
				INFOPLIST_KEY_UILaunchScreen_Generation = YES;
				INFOPLIST_KEY_UISupportedInterfaceOrientations_iPad = "UIInterfaceOrientationPortrait UIInterfaceOrientationPortraitUpsideDown UIInterfaceOrientationLandscapeLeft UIInterfaceOrientationLandscapeRight";
				INFOPLIST_KEY_UISupportedInterfaceOrientations_iPhone = "UIInterfaceOrientationPortrait UIInterfaceOrientationLandscapeLeft UIInterfaceOrientationLandscapeRight";
				LD_RUNPATH_SEARCH_PATHS = (
					"$(inherited)",
					"@executable_path/Frameworks",
				);
				MARKETING_VERSION = 1.0;
				PRODUCT_BUNDLE_IDENTIFIER = com.csacademykids.com.Networking101;
				PRODUCT_NAME = "$(TARGET_NAME)";
				SWIFT_EMIT_LOC_STRINGS = YES;
				SWIFT_VERSION = 5.0;
				TARGETED_DEVICE_FAMILY = "1,2";
			};
			name = Debug;
		};
		3802C3852B87BD0200B7A971 /* Release */ = {
			isa = XCBuildConfiguration;
			buildSettings = {
				ASSETCATALOG_COMPILER_APPICON_NAME = AppIcon;
				ASSETCATALOG_COMPILER_GLOBAL_ACCENT_COLOR_NAME = AccentColor;
				CODE_SIGN_STYLE = Automatic;
				CURRENT_PROJECT_VERSION = 1;
				DEVELOPMENT_ASSET_PATHS = "\"Networking101/Preview Content\"";
				DEVELOPMENT_TEAM = 3KLZFAARL4;
				ENABLE_PREVIEWS = YES;
				GENERATE_INFOPLIST_FILE = YES;
				INFOPLIST_KEY_UIApplicationSceneManifest_Generation = YES;
				INFOPLIST_KEY_UIApplicationSupportsIndirectInputEvents = YES;
				INFOPLIST_KEY_UILaunchScreen_Generation = YES;
				INFOPLIST_KEY_UISupportedInterfaceOrientations_iPad = "UIInterfaceOrientationPortrait UIInterfaceOrientationPortraitUpsideDown UIInterfaceOrientationLandscapeLeft UIInterfaceOrientationLandscapeRight";
				INFOPLIST_KEY_UISupportedInterfaceOrientations_iPhone = "UIInterfaceOrientationPortrait UIInterfaceOrientationLandscapeLeft UIInterfaceOrientationLandscapeRight";
				LD_RUNPATH_SEARCH_PATHS = (
					"$(inherited)",
					"@executable_path/Frameworks",
				);
				MARKETING_VERSION = 1.0;
				PRODUCT_BUNDLE_IDENTIFIER = com.csacademykids.com.Networking101;
				PRODUCT_NAME = "$(TARGET_NAME)";
				SWIFT_EMIT_LOC_STRINGS = YES;
				SWIFT_VERSION = 5.0;
				TARGETED_DEVICE_FAMILY = "1,2";
			};
			name = Release;
		};
/* End XCBuildConfiguration section */

/* Begin XCConfigurationList section */
		3802C3702B87BCFF00B7A971 /* Build configuration list for PBXProject "Networking101" */ = {
			isa = XCConfigurationList;
			buildConfigurations = (
				3802C3812B87BD0200B7A971 /* Debug */,
				3802C3822B87BD0200B7A971 /* Release */,
			);
			defaultConfigurationIsVisible = 0;
			defaultConfigurationName = Release;
		};
		3802C3832B87BD0200B7A971 /* Build configuration list for PBXNativeTarget "Networking101" */ = {
			isa = XCConfigurationList;
			buildConfigurations = (
				3802C3842B87BD0200B7A971 /* Debug */,
				3802C3852B87BD0200B7A971 /* Release */,
			);
			defaultConfigurationIsVisible = 0;
			defaultConfigurationName = Release;
		};
/* End XCConfigurationList section */
	};
	rootObject = 3802C36D2B87BCFF00B7A971 /* Project object */;
}
